
Microsoft Visual Studio Solution File, Format Version 12.00
# Visual Studio Version 16
VisualStudioVersion = 16.0.28803.452
MinimumVisualStudioVersion = 10.0.40219.1
Project("{FAE04EC0-301F-11D3-BF4B-00C04F79EFBC}") = "OpenGLEngine", "OpenGLEngine\OpenGLEngine.csproj", "{1DF222C8-05AA-4958-8EFC-75F760FF2DAC}"
EndProject
Global
	GlobalSection(SolutionConfigurationPlatforms) = preSolution
		Debug|Any CPU = Debug|Any CPU
		Release|Any CPU = Release|Any CPU
	EndGlobalSection
	GlobalSection(ProjectConfigurationPlatforms) = postSolution
		{1DF222C8-05AA-4958-8EFC-75F760FF2DAC}.Debug|Any CPU.ActiveCfg = Debug|Any CPU
		{1DF222C8-05AA-4958-8EFC-75F760FF2DAC}.Debug|Any CPU.Build.0 = Debug|Any CPU
		{1DF222C8-05AA-4958-8EFC-75F760FF2DAC}.Release|Any CPU.ActiveCfg = Release|Any CPU
		{1DF222C8-05AA-4958-8EFC-75F760FF2DAC}.Release|Any CPU.Build.0 = Release|Any CPU
	EndGlobalSection
	GlobalSection(SolutionProperties) = preSolution
		HideSolutionNode = FALSE
	EndGlobalSection
	GlobalSection(ExtensibilityGlobals) = postSolution
		SolutionGuid = {124B104B-6F9D-4562-A278-0DC0D3DA1DD5}
	EndGlobalSection
EndGlobal
